
Microsoft Visual Studio Solution File, Format Version 12.00
# Visual Studio Version 17
VisualStudioVersion = 17.2.32616.157
MinimumVisualStudioVersion = 10.0.40219.1
Project("{9A19103F-16F7-4668-BE54-9A1E7A4F7556}") = "ValidatorExtens", "ValidatorExtens\ValidatorExtens.csproj", "{D41FA0AD-0AD0-4AEC-8ADA-5DB23574EBA7}"
EndProject
Project("{2150E333-8FDC-42A3-9474-1A3956D46DE8}") = "Solution Items", "Solution Items", "{B173E5F1-B411-44FB-9895-F8EE125DA4A3}"
	ProjectSection(SolutionItems) = preProject
		README.md = README.md
	EndProjectSection
EndProject
Project("{FAE04EC0-301F-11D3-BF4B-00C04F79EFBC}") = "ValidatorExtensTests", "ValidatorExtensTests\ValidatorExtensTests.csproj", "{9E0D3F04-5E3E-4E10-B9FE-95FDFC9B0CF5}"
EndProject
Global
	GlobalSection(SolutionConfigurationPlatforms) = preSolution
		Debug|Any CPU = Debug|Any CPU
		Release|Any CPU = Release|Any CPU
	EndGlobalSection
	GlobalSection(ProjectConfigurationPlatforms) = postSolution
		{D41FA0AD-0AD0-4AEC-8ADA-5DB23574EBA7}.Debug|Any CPU.ActiveCfg = Debug|Any CPU
		{D41FA0AD-0AD0-4AEC-8ADA-5DB23574EBA7}.Debug|Any CPU.Build.0 = Debug|Any CPU
		{D41FA0AD-0AD0-4AEC-8ADA-5DB23574EBA7}.Release|Any CPU.ActiveCfg = Release|Any CPU
		{D41FA0AD-0AD0-4AEC-8ADA-5DB23574EBA7}.Release|Any CPU.Build.0 = Release|Any CPU
		{9E0D3F04-5E3E-4E10-B9FE-95FDFC9B0CF5}.Debug|Any CPU.ActiveCfg = Debug|Any CPU
		{9E0D3F04-5E3E-4E10-B9FE-95FDFC9B0CF5}.Debug|Any CPU.Build.0 = Debug|Any CPU
		{9E0D3F04-5E3E-4E10-B9FE-95FDFC9B0CF5}.Release|Any CPU.ActiveCfg = Release|Any CPU
		{9E0D3F04-5E3E-4E10-B9FE-95FDFC9B0CF5}.Release|Any CPU.Build.0 = Release|Any CPU
	EndGlobalSection
	GlobalSection(SolutionProperties) = preSolution
		HideSolutionNode = FALSE
	EndGlobalSection
	GlobalSection(ExtensibilityGlobals) = postSolution
		SolutionGuid = {F61D4939-C6D0-4413-95FD-7648367A770D}
	EndGlobalSection
EndGlobal
